
Microsoft Visual Studio Solution File, Format Version 12.00
# Visual Studio Version 16
VisualStudioVersion = 16.0.31515.178
MinimumVisualStudioVersion = 10.0.40219.1
Project("{FAE04EC0-301F-11D3-BF4B-00C04F79EFBC}") = "teste", "teste\teste.csproj", "{2D5FCD57-7D16-4A18-AE3E-3D50B884A968}"
EndProject
Global
	GlobalSection(SolutionConfigurationPlatforms) = preSolution
		Debug|Any CPU = Debug|Any CPU
		Release|Any CPU = Release|Any CPU
	EndGlobalSection
	GlobalSection(ProjectConfigurationPlatforms) = postSolution
		{2D5FCD57-7D16-4A18-AE3E-3D50B884A968}.Debug|Any CPU.ActiveCfg = Debug|Any CPU
		{2D5FCD57-7D16-4A18-AE3E-3D50B884A968}.Debug|Any CPU.Build.0 = Debug|Any CPU
		{2D5FCD57-7D16-4A18-AE3E-3D50B884A968}.Release|Any CPU.ActiveCfg = Release|Any CPU
		{2D5FCD57-7D16-4A18-AE3E-3D50B884A968}.Release|Any CPU.Build.0 = Release|Any CPU
	EndGlobalSection
	GlobalSection(SolutionProperties) = preSolution
		HideSolutionNode = FALSE
	EndGlobalSection
	GlobalSection(ExtensibilityGlobals) = postSolution
		SolutionGuid = {6A3E5549-4418-4C67-9A9E-A130C5A255B3}
	EndGlobalSection
EndGlobal
